
Microsoft Visual Studio Solution File, Format Version 12.00
# Visual Studio Version 17
VisualStudioVersion = 17.5.002.0
MinimumVisualStudioVersion = 10.0.40219.1
Project("{2150E333-8FDC-42A3-9474-1A3956D46DE8}") = "ASP.NET Core", "ASP.NET Core", "{B07EE33F-DAE4-40C5-9F31-4889BC7D9197}"
EndProject
Project("{2150E333-8FDC-42A3-9474-1A3956D46DE8}") = "ASP MVC I", "ASP MVC I", "{E13A6F93-7FC6-430B-B9BD-99036713F381}"
EndProject
Project("{9A19103F-16F7-4668-BE54-9A1E7A4F7556}") = "ProjectName", "ASP.NET Core\ASP MVC I\ProjectName\ProjectName.csproj", "{5E386577-F134-4E33-9C59-56622517BA79}"
EndProject
Project("{2150E333-8FDC-42A3-9474-1A3956D46DE8}") = "ASP MVC II", "ASP MVC II", "{627C87A5-8025-44ED-AC0A-9C4C2302FB7C}"
EndProject
Project("{9A19103F-16F7-4668-BE54-9A1E7A4F7556}") = "ProjectName", "ASP.NET Core\ASP MVC II\ProjectName\ProjectName.csproj", "{32E88EE0-2B7C-4753-8CFE-CB5530529FD3}"
EndProject
Project("{2150E333-8FDC-42A3-9474-1A3956D46DE8}") = "Overview and Installation", "Overview and Installation", "{F0B0B4D9-9FB3-4A09-9454-7A7745985E2C}"
EndProject
Project("{2150E333-8FDC-42A3-9474-1A3956D46DE8}") = "Installation", "Installation", "{79074347-B98E-4C60-8803-A461F6E41CFC}"
EndProject
Project("{9A19103F-16F7-4668-BE54-9A1E7A4F7556}") = "FirstCSharp", "Overview and Installation\Installation\FirstCSharp\FirstCSharp.csproj", "{2A2F36F0-6559-4923-BDBF-A43222682B34}"
EndProject
Project("{2150E333-8FDC-42A3-9474-1A3956D46DE8}") = "Count down", "Count down", "{BD207164-7BE1-426F-ADEC-4D4903A32B23}"
EndProject
Project("{9A19103F-16F7-4668-BE54-9A1E7A4F7556}") = "Countdown", "ASP.NET Core\ASP MVC I\Count down\Countdown\Countdown.csproj", "{5BEC38A2-2A4D-4030-814D-A849C5DCD85F}"
EndProject
Project("{2150E333-8FDC-42A3-9474-1A3956D46DE8}") = "Dojo Survey", "Dojo Survey", "{150AD9C6-E135-41E6-B723-D829669B255C}"
EndProject
Project("{9A19103F-16F7-4668-BE54-9A1E7A4F7556}") = "DojoSurvey", "ASP.NET Core\ASP MVC I\Dojo Survey\DojoSurvey\DojoSurvey.csproj", "{C41C8960-BFFF-4591-AB6A-5500A55D71DD}"
EndProject
Project("{2150E333-8FDC-42A3-9474-1A3956D46DE8}") = "Portfolio I", "Portfolio I", "{3D511052-7E8A-48B2-9F1A-94D6D37BDE02}"
EndProject
Project("{9A19103F-16F7-4668-BE54-9A1E7A4F7556}") = "PortfolioI", "ASP.NET Core\ASP MVC I\Portfolio I\PortfolioI\PortfolioI.csproj", "{90048287-207F-40CF-8948-121BA6193F7F}"
EndProject
Project("{2150E333-8FDC-42A3-9474-1A3956D46DE8}") = "Portfolio II", "Portfolio II", "{5C05F304-4431-4CBA-8209-3FF777962CB4}"
EndProject
Project("{9A19103F-16F7-4668-BE54-9A1E7A4F7556}") = "PortfolioII", "ASP.NET Core\ASP MVC I\Portfolio II\PortfolioII\PortfolioII.csproj", "{F472F5D2-688E-42CE-9617-D9EB11A78950}"
EndProject
Project("{2150E333-8FDC-42A3-9474-1A3956D46DE8}") = "Razor Fun", "Razor Fun", "{8F110B8F-499B-4391-9B35-A38338112849}"
EndProject
Project("{9A19103F-16F7-4668-BE54-9A1E7A4F7556}") = "RazorFun", "ASP.NET Core\ASP MVC I\Razor Fun\RazorFun\RazorFun.csproj", "{371965CA-214E-4077-A81B-799F66D7ED5A}"
EndProject
Project("{2150E333-8FDC-42A3-9474-1A3956D46DE8}") = "Language Fundamentals", "Language Fundamentals", "{40AA3484-3DB2-4955-A885-01A359A29A8B}"
EndProject
Project("{2150E333-8FDC-42A3-9474-1A3956D46DE8}") = "Language Essentials", "Language Essentials", "{EB70C08B-EB18-4D47-888D-A6EC02E428F7}"
EndProject
Project("{2150E333-8FDC-42A3-9474-1A3956D46DE8}") = "Debugging Practice", "Debugging Practice", "{85A34315-6BFE-4D7A-89A9-D416C6A85FEB}"
EndProject
Project("{9A19103F-16F7-4668-BE54-9A1E7A4F7556}") = "DebuggingPractice", "Language Fundamentals\Language Essentials\Debugging Practice\DebuggingPractice\DebuggingPractice.csproj", "{6C2DA37A-F812-4845-B3ED-8EBB316EE82E}"
EndProject
Project("{2150E333-8FDC-42A3-9474-1A3956D46DE8}") = "Fundamentals I", "Fundamentals I", "{E1DDEE76-4672-4030-8352-8EB7402101F6}"
EndProject
Project("{9A19103F-16F7-4668-BE54-9A1E7A4F7556}") = "FundamentalsI", "Language Fundamentals\Language Essentials\Fundamentals I\FundamentalsI\FundamentalsI.csproj", "{387DC35B-584B-4435-B6D8-20A44A33CF45}"
EndProject
Project("{2150E333-8FDC-42A3-9474-1A3956D46DE8}") = "Fundamentals II", "Fundamentals II", "{ECFDC225-D677-4397-B8A1-497A0E7A71D8}"
EndProject
Project("{9A19103F-16F7-4668-BE54-9A1E7A4F7556}") = "FundamentalsII", "Language Fundamentals\Language Essentials\Fundamentals II\FundamentalsII\FundamentalsII.csproj", "{76E05C0E-DA13-493E-ACB7-317264931A03}"
EndProject
Project("{2150E333-8FDC-42A3-9474-1A3956D46DE8}") = "Fundamentals III", "Fundamentals III", "{32EEE255-E542-4628-9506-8F27F4EF6BA5}"
EndProject
Project("{9A19103F-16F7-4668-BE54-9A1E7A4F7556}") = "FundamentalsIII", "Language Fundamentals\Language Essentials\Fundamentals III\FundamentalsIII\FundamentalsIII.csproj", "{51923BE9-6F89-410A-81CC-E208C3F3AFF8}"
EndProject
Project("{2150E333-8FDC-42A3-9474-1A3956D46DE8}") = "Puzzles", "Puzzles", "{A4A2E6F9-96D9-4E48-B944-86C2EA468269}"
EndProject
Project("{9A19103F-16F7-4668-BE54-9A1E7A4F7556}") = "Puzzles", "Language Fundamentals\Language Essentials\Puzzles\Puzzles\Puzzles.csproj", "{D20E3EF2-32ED-4BC5-B736-5B272B8F0EF8}"
EndProject
Project("{2150E333-8FDC-42A3-9474-1A3956D46DE8}") = "OOP With C#", "OOP With C#", "{0068097B-5ED0-4F84-868E-E91D280AE846}"
EndProject
Project("{2150E333-8FDC-42A3-9474-1A3956D46DE8}") = "Drink Maker", "Drink Maker", "{B27E0A92-A3A9-4192-B17B-F04FD438B0E1}"
EndProject
Project("{9A19103F-16F7-4668-BE54-9A1E7A4F7556}") = "DrinkMaker", "Language Fundamentals\OOP With C#\Drink Maker\DrinkMaker\DrinkMaker.csproj", "{9FC951E5-4F5C-4BD6-A178-9CD13663EAB7}"
EndProject
Project("{2150E333-8FDC-42A3-9474-1A3956D46DE8}") = "Fuel Up", "Fuel Up", "{8A101E1C-8086-41D6-B369-3C07FD7137B6}"
EndProject
Project("{9A19103F-16F7-4668-BE54-9A1E7A4F7556}") = "FuelUp", "Language Fundamentals\OOP With C#\Fuel Up\FuelUp\FuelUp.csproj", "{63F07890-4E0F-49D1-A099-A4C757CD81D7}"
EndProject
Project("{2150E333-8FDC-42A3-9474-1A3956D46DE8}") = "Game Developer I", "Game Developer I", "{A146BE61-2A45-4650-A745-918888EC4954}"
EndProject
Project("{9A19103F-16F7-4668-BE54-9A1E7A4F7556}") = "GameDeveloperI", "Language Fundamentals\OOP With C#\Game Developer I\GameDeveloperI\GameDeveloperI.csproj", "{96FDB0D1-7031-4022-B903-8AE0D4A3C925}"
EndProject
Project("{2150E333-8FDC-42A3-9474-1A3956D46DE8}") = "Game Developer II", "Game Developer II", "{96AD37CE-CA25-4B52-ADBC-80054831E5AD}"
EndProject
Project("{9A19103F-16F7-4668-BE54-9A1E7A4F7556}") = "GameDeveloperII", "Language Fundamentals\OOP With C#\Game Developer II\GameDeveloperII\GameDeveloperII.csproj", "{D6EF0010-93DE-431C-94DF-D9A1EFF21B78}"
EndProject
Project("{2150E333-8FDC-42A3-9474-1A3956D46DE8}") = "Game Developer III", "Game Developer III", "{BA029EE6-18C0-4053-8F7A-215EC60739E5}"
EndProject
Project("{9A19103F-16F7-4668-BE54-9A1E7A4F7556}") = "GameDeveloperIII", "Language Fundamentals\OOP With C#\Game Developer III\GameDeveloperIII\GameDeveloperIII.csproj", "{FC753DC4-A7A9-4C25-B287-9B00957836F8}"
EndProject
Project("{2150E333-8FDC-42A3-9474-1A3956D46DE8}") = "Ride Mader", "Ride Mader", "{33308F42-D53E-44B5-8E01-FE5BBB32707A}"
EndProject
Project("{9A19103F-16F7-4668-BE54-9A1E7A4F7556}") = "RideMader", "Language Fundamentals\OOP With C#\Ride Mader\RideMader\RideMader.csproj", "{E91B1F8C-51B2-4662-8235-2BFAC4B7C645}"
EndProject
Project("{2150E333-8FDC-42A3-9474-1A3956D46DE8}") = "Hello .NET", "Hello .NET", "{F912E909-60C9-4BCE-A11E-C648945B4BB9}"
EndProject
Project("{9A19103F-16F7-4668-BE54-9A1E7A4F7556}") = "HelloDotnet", "Overview and Installation\Installation\Hello .NET\HelloDotnet\HelloDotnet.csproj", "{B9094432-E649-43D1-93D8-84F999D6C93C}"
EndProject
Global
	GlobalSection(SolutionConfigurationPlatforms) = preSolution
		Debug|Any CPU = Debug|Any CPU
		Release|Any CPU = Release|Any CPU
	EndGlobalSection
	GlobalSection(ProjectConfigurationPlatforms) = postSolution
		{5E386577-F134-4E33-9C59-56622517BA79}.Debug|Any CPU.ActiveCfg = Debug|Any CPU
		{5E386577-F134-4E33-9C59-56622517BA79}.Debug|Any CPU.Build.0 = Debug|Any CPU
		{5E386577-F134-4E33-9C59-56622517BA79}.Release|Any CPU.ActiveCfg = Release|Any CPU
		{5E386577-F134-4E33-9C59-56622517BA79}.Release|Any CPU.Build.0 = Release|Any CPU
		{32E88EE0-2B7C-4753-8CFE-CB5530529FD3}.Debug|Any CPU.ActiveCfg = Debug|Any CPU
		{32E88EE0-2B7C-4753-8CFE-CB5530529FD3}.Debug|Any CPU.Build.0 = Debug|Any CPU
		{32E88EE0-2B7C-4753-8CFE-CB5530529FD3}.Release|Any CPU.ActiveCfg = Release|Any CPU
		{32E88EE0-2B7C-4753-8CFE-CB5530529FD3}.Release|Any CPU.Build.0 = Release|Any CPU
		{2A2F36F0-6559-4923-BDBF-A43222682B34}.Debug|Any CPU.ActiveCfg = Debug|Any CPU
		{2A2F36F0-6559-4923-BDBF-A43222682B34}.Debug|Any CPU.Build.0 = Debug|Any CPU
		{2A2F36F0-6559-4923-BDBF-A43222682B34}.Release|Any CPU.ActiveCfg = Release|Any CPU
		{2A2F36F0-6559-4923-BDBF-A43222682B34}.Release|Any CPU.Build.0 = Release|Any CPU
		{5BEC38A2-2A4D-4030-814D-A849C5DCD85F}.Debug|Any CPU.ActiveCfg = Debug|Any CPU
		{5BEC38A2-2A4D-4030-814D-A849C5DCD85F}.Debug|Any CPU.Build.0 = Debug|Any CPU
		{5BEC38A2-2A4D-4030-814D-A849C5DCD85F}.Release|Any CPU.ActiveCfg = Release|Any CPU
		{5BEC38A2-2A4D-4030-814D-A849C5DCD85F}.Release|Any CPU.Build.0 = Release|Any CPU
		{C41C8960-BFFF-4591-AB6A-5500A55D71DD}.Debug|Any CPU.ActiveCfg = Debug|Any CPU
		{C41C8960-BFFF-4591-AB6A-5500A55D71DD}.Debug|Any CPU.Build.0 = Debug|Any CPU
		{C41C8960-BFFF-4591-AB6A-5500A55D71DD}.Release|Any CPU.ActiveCfg = Release|Any CPU
		{C41C8960-BFFF-4591-AB6A-5500A55D71DD}.Release|Any CPU.Build.0 = Release|Any CPU
		{90048287-207F-40CF-8948-121BA6193F7F}.Debug|Any CPU.ActiveCfg = Debug|Any CPU
		{90048287-207F-40CF-8948-121BA6193F7F}.Debug|Any CPU.Build.0 = Debug|Any CPU
		{90048287-207F-40CF-8948-121BA6193F7F}.Release|Any CPU.ActiveCfg = Release|Any CPU
		{90048287-207F-40CF-8948-121BA6193F7F}.Release|Any CPU.Build.0 = Release|Any CPU
		{F472F5D2-688E-42CE-9617-D9EB11A78950}.Debug|Any CPU.ActiveCfg = Debug|Any CPU
		{F472F5D2-688E-42CE-9617-D9EB11A78950}.Debug|Any CPU.Build.0 = Debug|Any CPU
		{F472F5D2-688E-42CE-9617-D9EB11A78950}.Release|Any CPU.ActiveCfg = Release|Any CPU
		{F472F5D2-688E-42CE-9617-D9EB11A78950}.Release|Any CPU.Build.0 = Release|Any CPU
		{371965CA-214E-4077-A81B-799F66D7ED5A}.Debug|Any CPU.ActiveCfg = Debug|Any CPU
		{371965CA-214E-4077-A81B-799F66D7ED5A}.Debug|Any CPU.Build.0 = Debug|Any CPU
		{371965CA-214E-4077-A81B-799F66D7ED5A}.Release|Any CPU.ActiveCfg = Release|Any CPU
		{371965CA-214E-4077-A81B-799F66D7ED5A}.Release|Any CPU.Build.0 = Release|Any CPU
		{6C2DA37A-F812-4845-B3ED-8EBB316EE82E}.Debug|Any CPU.ActiveCfg = Debug|Any CPU
		{6C2DA37A-F812-4845-B3ED-8EBB316EE82E}.Debug|Any CPU.Build.0 = Debug|Any CPU
		{6C2DA37A-F812-4845-B3ED-8EBB316EE82E}.Release|Any CPU.ActiveCfg = Release|Any CPU
		{6C2DA37A-F812-4845-B3ED-8EBB316EE82E}.Release|Any CPU.Build.0 = Release|Any CPU
		{387DC35B-584B-4435-B6D8-20A44A33CF45}.Debug|Any CPU.ActiveCfg = Debug|Any CPU
		{387DC35B-584B-4435-B6D8-20A44A33CF45}.Debug|Any CPU.Build.0 = Debug|Any CPU
		{387DC35B-584B-4435-B6D8-20A44A33CF45}.Release|Any CPU.ActiveCfg = Release|Any CPU
		{387DC35B-584B-4435-B6D8-20A44A33CF45}.Release|Any CPU.Build.0 = Release|Any CPU
		{76E05C0E-DA13-493E-ACB7-317264931A03}.Debug|Any CPU.ActiveCfg = Debug|Any CPU
		{76E05C0E-DA13-493E-ACB7-317264931A03}.Debug|Any CPU.Build.0 = Debug|Any CPU
		{76E05C0E-DA13-493E-ACB7-317264931A03}.Release|Any CPU.ActiveCfg = Release|Any CPU
		{76E05C0E-DA13-493E-ACB7-317264931A03}.Release|Any CPU.Build.0 = Release|Any CPU
		{51923BE9-6F89-410A-81CC-E208C3F3AFF8}.Debug|Any CPU.ActiveCfg = Debug|Any CPU
		{51923BE9-6F89-410A-81CC-E208C3F3AFF8}.Debug|Any CPU.Build.0 = Debug|Any CPU
		{51923BE9-6F89-410A-81CC-E208C3F3AFF8}.Release|Any CPU.ActiveCfg = Release|Any CPU
		{51923BE9-6F89-410A-81CC-E208C3F3AFF8}.Release|Any CPU.Build.0 = Release|Any CPU
		{D20E3EF2-32ED-4BC5-B736-5B272B8F0EF8}.Debug|Any CPU.ActiveCfg = Debug|Any CPU
		{D20E3EF2-32ED-4BC5-B736-5B272B8F0EF8}.Debug|Any CPU.Build.0 = Debug|Any CPU
		{D20E3EF2-32ED-4BC5-B736-5B272B8F0EF8}.Release|Any CPU.ActiveCfg = Release|Any CPU
		{D20E3EF2-32ED-4BC5-B736-5B272B8F0EF8}.Release|Any CPU.Build.0 = Release|Any CPU
		{9FC951E5-4F5C-4BD6-A178-9CD13663EAB7}.Debug|Any CPU.ActiveCfg = Debug|Any CPU
		{9FC951E5-4F5C-4BD6-A178-9CD13663EAB7}.Debug|Any CPU.Build.0 = Debug|Any CPU
		{9FC951E5-4F5C-4BD6-A178-9CD13663EAB7}.Release|Any CPU.ActiveCfg = Release|Any CPU
		{9FC951E5-4F5C-4BD6-A178-9CD13663EAB7}.Release|Any CPU.Build.0 = Release|Any CPU
		{63F07890-4E0F-49D1-A099-A4C757CD81D7}.Debug|Any CPU.ActiveCfg = Debug|Any CPU
		{63F07890-4E0F-49D1-A099-A4C757CD81D7}.Debug|Any CPU.Build.0 = Debug|Any CPU
		{63F07890-4E0F-49D1-A099-A4C757CD81D7}.Release|Any CPU.ActiveCfg = Release|Any CPU
		{63F07890-4E0F-49D1-A099-A4C757CD81D7}.Release|Any CPU.Build.0 = Release|Any CPU
		{96FDB0D1-7031-4022-B903-8AE0D4A3C925}.Debug|Any CPU.ActiveCfg = Debug|Any CPU
		{96FDB0D1-7031-4022-B903-8AE0D4A3C925}.Debug|Any CPU.Build.0 = Debug|Any CPU
		{96FDB0D1-7031-4022-B903-8AE0D4A3C925}.Release|Any CPU.ActiveCfg = Release|Any CPU
		{96FDB0D1-7031-4022-B903-8AE0D4A3C925}.Release|Any CPU.Build.0 = Release|Any CPU
		{D6EF0010-93DE-431C-94DF-D9A1EFF21B78}.Debug|Any CPU.ActiveCfg = Debug|Any CPU
		{D6EF0010-93DE-431C-94DF-D9A1EFF21B78}.Debug|Any CPU.Build.0 = Debug|Any CPU
		{D6EF0010-93DE-431C-94DF-D9A1EFF21B78}.Release|Any CPU.ActiveCfg = Release|Any CPU
		{D6EF0010-93DE-431C-94DF-D9A1EFF21B78}.Release|Any CPU.Build.0 = Release|Any CPU
		{FC753DC4-A7A9-4C25-B287-9B00957836F8}.Debug|Any CPU.ActiveCfg = Debug|Any CPU
		{FC753DC4-A7A9-4C25-B287-9B00957836F8}.Debug|Any CPU.Build.0 = Debug|Any CPU
		{FC753DC4-A7A9-4C25-B287-9B00957836F8}.Release|Any CPU.ActiveCfg = Release|Any CPU
		{FC753DC4-A7A9-4C25-B287-9B00957836F8}.Release|Any CPU.Build.0 = Release|Any CPU
		{E91B1F8C-51B2-4662-8235-2BFAC4B7C645}.Debug|Any CPU.ActiveCfg = Debug|Any CPU
		{E91B1F8C-51B2-4662-8235-2BFAC4B7C645}.Debug|Any CPU.Build.0 = Debug|Any CPU
		{E91B1F8C-51B2-4662-8235-2BFAC4B7C645}.Release|Any CPU.ActiveCfg = Release|Any CPU
		{E91B1F8C-51B2-4662-8235-2BFAC4B7C645}.Release|Any CPU.Build.0 = Release|Any CPU
		{B9094432-E649-43D1-93D8-84F999D6C93C}.Debug|Any CPU.ActiveCfg = Debug|Any CPU
		{B9094432-E649-43D1-93D8-84F999D6C93C}.Debug|Any CPU.Build.0 = Debug|Any CPU
		{B9094432-E649-43D1-93D8-84F999D6C93C}.Release|Any CPU.ActiveCfg = Release|Any CPU
		{B9094432-E649-43D1-93D8-84F999D6C93C}.Release|Any CPU.Build.0 = Release|Any CPU
	EndGlobalSection
	GlobalSection(SolutionProperties) = preSolution
		HideSolutionNode = FALSE
	EndGlobalSection
	GlobalSection(NestedProjects) = preSolution
		{E13A6F93-7FC6-430B-B9BD-99036713F381} = {B07EE33F-DAE4-40C5-9F31-4889BC7D9197}
		{5E386577-F134-4E33-9C59-56622517BA79} = {E13A6F93-7FC6-430B-B9BD-99036713F381}
		{627C87A5-8025-44ED-AC0A-9C4C2302FB7C} = {B07EE33F-DAE4-40C5-9F31-4889BC7D9197}
		{32E88EE0-2B7C-4753-8CFE-CB5530529FD3} = {627C87A5-8025-44ED-AC0A-9C4C2302FB7C}
		{79074347-B98E-4C60-8803-A461F6E41CFC} = {F0B0B4D9-9FB3-4A09-9454-7A7745985E2C}
		{2A2F36F0-6559-4923-BDBF-A43222682B34} = {79074347-B98E-4C60-8803-A461F6E41CFC}
		{BD207164-7BE1-426F-ADEC-4D4903A32B23} = {E13A6F93-7FC6-430B-B9BD-99036713F381}
		{5BEC38A2-2A4D-4030-814D-A849C5DCD85F} = {BD207164-7BE1-426F-ADEC-4D4903A32B23}
		{150AD9C6-E135-41E6-B723-D829669B255C} = {E13A6F93-7FC6-430B-B9BD-99036713F381}
		{C41C8960-BFFF-4591-AB6A-5500A55D71DD} = {150AD9C6-E135-41E6-B723-D829669B255C}
		{3D511052-7E8A-48B2-9F1A-94D6D37BDE02} = {E13A6F93-7FC6-430B-B9BD-99036713F381}
		{90048287-207F-40CF-8948-121BA6193F7F} = {3D511052-7E8A-48B2-9F1A-94D6D37BDE02}
		{5C05F304-4431-4CBA-8209-3FF777962CB4} = {E13A6F93-7FC6-430B-B9BD-99036713F381}
		{F472F5D2-688E-42CE-9617-D9EB11A78950} = {5C05F304-4431-4CBA-8209-3FF777962CB4}
		{8F110B8F-499B-4391-9B35-A38338112849} = {E13A6F93-7FC6-430B-B9BD-99036713F381}
		{371965CA-214E-4077-A81B-799F66D7ED5A} = {8F110B8F-499B-4391-9B35-A38338112849}
		{EB70C08B-EB18-4D47-888D-A6EC02E428F7} = {40AA3484-3DB2-4955-A885-01A359A29A8B}
		{85A34315-6BFE-4D7A-89A9-D416C6A85FEB} = {EB70C08B-EB18-4D47-888D-A6EC02E428F7}
		{6C2DA37A-F812-4845-B3ED-8EBB316EE82E} = {85A34315-6BFE-4D7A-89A9-D416C6A85FEB}
		{E1DDEE76-4672-4030-8352-8EB7402101F6} = {EB70C08B-EB18-4D47-888D-A6EC02E428F7}
		{387DC35B-584B-4435-B6D8-20A44A33CF45} = {E1DDEE76-4672-4030-8352-8EB7402101F6}
		{ECFDC225-D677-4397-B8A1-497A0E7A71D8} = {EB70C08B-EB18-4D47-888D-A6EC02E428F7}
		{76E05C0E-DA13-493E-ACB7-317264931A03} = {ECFDC225-D677-4397-B8A1-497A0E7A71D8}
		{32EEE255-E542-4628-9506-8F27F4EF6BA5} = {EB70C08B-EB18-4D47-888D-A6EC02E428F7}
		{51923BE9-6F89-410A-81CC-E208C3F3AFF8} = {32EEE255-E542-4628-9506-8F27F4EF6BA5}
		{A4A2E6F9-96D9-4E48-B944-86C2EA468269} = {EB70C08B-EB18-4D47-888D-A6EC02E428F7}
		{D20E3EF2-32ED-4BC5-B736-5B272B8F0EF8} = {A4A2E6F9-96D9-4E48-B944-86C2EA468269}
		{0068097B-5ED0-4F84-868E-E91D280AE846} = {40AA3484-3DB2-4955-A885-01A359A29A8B}
		{B27E0A92-A3A9-4192-B17B-F04FD438B0E1} = {0068097B-5ED0-4F84-868E-E91D280AE846}
		{9FC951E5-4F5C-4BD6-A178-9CD13663EAB7} = {B27E0A92-A3A9-4192-B17B-F04FD438B0E1}
		{8A101E1C-8086-41D6-B369-3C07FD7137B6} = {0068097B-5ED0-4F84-868E-E91D280AE846}
		{63F07890-4E0F-49D1-A099-A4C757CD81D7} = {8A101E1C-8086-41D6-B369-3C07FD7137B6}
		{A146BE61-2A45-4650-A745-918888EC4954} = {0068097B-5ED0-4F84-868E-E91D280AE846}
		{96FDB0D1-7031-4022-B903-8AE0D4A3C925} = {A146BE61-2A45-4650-A745-918888EC4954}
		{96AD37CE-CA25-4B52-ADBC-80054831E5AD} = {0068097B-5ED0-4F84-868E-E91D280AE846}
		{D6EF0010-93DE-431C-94DF-D9A1EFF21B78} = {96AD37CE-CA25-4B52-ADBC-80054831E5AD}
		{BA029EE6-18C0-4053-8F7A-215EC60739E5} = {0068097B-5ED0-4F84-868E-E91D280AE846}
		{FC753DC4-A7A9-4C25-B287-9B00957836F8} = {BA029EE6-18C0-4053-8F7A-215EC60739E5}
		{33308F42-D53E-44B5-8E01-FE5BBB32707A} = {0068097B-5ED0-4F84-868E-E91D280AE846}
		{E91B1F8C-51B2-4662-8235-2BFAC4B7C645} = {33308F42-D53E-44B5-8E01-FE5BBB32707A}
		{F912E909-60C9-4BCE-A11E-C648945B4BB9} = {79074347-B98E-4C60-8803-A461F6E41CFC}
		{B9094432-E649-43D1-93D8-84F999D6C93C} = {F912E909-60C9-4BCE-A11E-C648945B4BB9}
	EndGlobalSection
	GlobalSection(ExtensibilityGlobals) = postSolution
		SolutionGuid = {EC66C1CD-4E8E-49F6-B793-11A97F4717F7}
	EndGlobalSection
EndGlobal
