
Microsoft Visual Studio Solution File, Format Version 12.00
# Visual Studio Version 17
VisualStudioVersion = 17.5.002.0
MinimumVisualStudioVersion = 10.0.40219.1
Project("{2150E333-8FDC-42A3-9474-1A3956D46DE8}") = "ASP.NET Core", "ASP.NET Core", "{38DF4B14-20FA-4FB1-A4BD-363AE090291C}"
EndProject
Project("{9A19103F-16F7-4668-BE54-9A1E7A4F7556}") = "ProjectName", "ASP.NET Core\ProjectName\ProjectName.csproj", "{A32C3CF6-28FE-4545-A4AF-450B535FAC92}"
EndProject
Project("{2150E333-8FDC-42A3-9474-1A3956D46DE8}") = "Overview and Installation", "Overview and Installation", "{92FCA3C1-ECD5-41F9-8214-81090FCE6EDB}"
EndProject
Project("{2150E333-8FDC-42A3-9474-1A3956D46DE8}") = "Installation", "Installation", "{86612623-2A52-475A-A729-2480D2C63691}"
EndProject
Project("{9A19103F-16F7-4668-BE54-9A1E7A4F7556}") = "FirstCSharp", "Overview and Installation\Installation\FirstCSharp\FirstCSharp.csproj", "{6A1DB187-76A3-4CBE-B318-99EA7085A3F5}"
EndProject
Project("{2150E333-8FDC-42A3-9474-1A3956D46DE8}") = "Language Fundamentals", "Language Fundamentals", "{A9710B57-D8D0-4C98-87DD-79446F4AD5DF}"
EndProject
Project("{2150E333-8FDC-42A3-9474-1A3956D46DE8}") = "Language Essentials", "Language Essentials", "{1E77FEBC-1ABA-4B52-8434-69C486E30015}"
EndProject
Project("{2150E333-8FDC-42A3-9474-1A3956D46DE8}") = "Debugging Practice", "Debugging Practice", "{32227E11-5E8F-455B-B26B-E1F6B3E14CAF}"
EndProject
Project("{9A19103F-16F7-4668-BE54-9A1E7A4F7556}") = "DebuggingPractice", "Language Fundamentals\Language Essentials\Debugging Practice\DebuggingPractice\DebuggingPractice.csproj", "{F3A034BD-466B-4792-BE41-F0D032FC0C0F}"
EndProject
Project("{2150E333-8FDC-42A3-9474-1A3956D46DE8}") = "Fundamentals I", "Fundamentals I", "{1E50DF2C-09F6-464B-9557-E13251F29355}"
EndProject
Project("{9A19103F-16F7-4668-BE54-9A1E7A4F7556}") = "FundamentalsI", "Language Fundamentals\Language Essentials\Fundamentals I\FundamentalsI\FundamentalsI.csproj", "{4815EC45-0EE3-49BF-8F1F-4E330D3E59A0}"
EndProject
Project("{2150E333-8FDC-42A3-9474-1A3956D46DE8}") = "Fundamentals II", "Fundamentals II", "{3583A8A9-50AA-4D47-9DF5-9309425269E9}"
EndProject
Project("{9A19103F-16F7-4668-BE54-9A1E7A4F7556}") = "FundamentalsII", "Language Fundamentals\Language Essentials\Fundamentals II\FundamentalsII\FundamentalsII.csproj", "{80921782-8D02-4ABA-8BD1-531F50782524}"
EndProject
Project("{2150E333-8FDC-42A3-9474-1A3956D46DE8}") = "Fundamentals III", "Fundamentals III", "{60499C2E-24BB-41E6-93A7-F2BA45C79A4B}"
EndProject
Project("{9A19103F-16F7-4668-BE54-9A1E7A4F7556}") = "FundamentalsIII", "Language Fundamentals\Language Essentials\Fundamentals III\FundamentalsIII\FundamentalsIII.csproj", "{2C649B14-20B4-4422-A769-ECA3C5F0B256}"
EndProject
Project("{2150E333-8FDC-42A3-9474-1A3956D46DE8}") = "Puzzles", "Puzzles", "{4461ED1C-A5D1-4772-A348-38FA03BAD433}"
EndProject
Project("{9A19103F-16F7-4668-BE54-9A1E7A4F7556}") = "Puzzles", "Language Fundamentals\Language Essentials\Puzzles\Puzzles\Puzzles.csproj", "{8A92B5D6-E54A-4DDA-9054-D9DF87DEC67B}"
EndProject
Project("{2150E333-8FDC-42A3-9474-1A3956D46DE8}") = "OOP With C#", "OOP With C#", "{5DD57A4E-FE2A-4B5A-B7C6-B8A9BB31BA1F}"
EndProject
Project("{2150E333-8FDC-42A3-9474-1A3956D46DE8}") = "Drink Maker", "Drink Maker", "{AF5B53DB-5A3A-4D41-B408-09FD73E70D66}"
EndProject
Project("{9A19103F-16F7-4668-BE54-9A1E7A4F7556}") = "DrinkMaker", "Language Fundamentals\OOP With C#\Drink Maker\DrinkMaker\DrinkMaker.csproj", "{6F7CF39E-AC9B-4915-A49A-D52CB9EA0985}"
EndProject
Project("{2150E333-8FDC-42A3-9474-1A3956D46DE8}") = "Fuel Up", "Fuel Up", "{FECCF9D1-F11D-4BF7-A038-6085C487608D}"
EndProject
Project("{9A19103F-16F7-4668-BE54-9A1E7A4F7556}") = "FuelUp", "Language Fundamentals\OOP With C#\Fuel Up\FuelUp\FuelUp.csproj", "{10F4F2C5-2083-47ED-BBCC-6FEFEE68C737}"
EndProject
Project("{2150E333-8FDC-42A3-9474-1A3956D46DE8}") = "Game Developer I", "Game Developer I", "{4FB73809-5543-4781-986D-1A6EE8F1A4CB}"
EndProject
Project("{9A19103F-16F7-4668-BE54-9A1E7A4F7556}") = "GameDeveloperI", "Language Fundamentals\OOP With C#\Game Developer I\GameDeveloperI\GameDeveloperI.csproj", "{311A6DB3-C104-4FCD-BE4C-66B85C14D278}"
EndProject
Project("{2150E333-8FDC-42A3-9474-1A3956D46DE8}") = "Game Developer II", "Game Developer II", "{FC48AEFF-80A8-4F98-BC03-CA5B008ABCD6}"
EndProject
Project("{9A19103F-16F7-4668-BE54-9A1E7A4F7556}") = "GameDeveloperII", "Language Fundamentals\OOP With C#\Game Developer II\GameDeveloperII\GameDeveloperII.csproj", "{98920992-4B83-4820-8F73-B3676CEAD984}"
EndProject
Project("{2150E333-8FDC-42A3-9474-1A3956D46DE8}") = "Game Developer III", "Game Developer III", "{B28F4D16-3AB2-4735-90B3-829F2111FF14}"
EndProject
Project("{9A19103F-16F7-4668-BE54-9A1E7A4F7556}") = "GameDeveloperIII", "Language Fundamentals\OOP With C#\Game Developer III\GameDeveloperIII\GameDeveloperIII.csproj", "{50A499FA-46D6-4526-8514-DBB63C74C9F2}"
EndProject
Project("{2150E333-8FDC-42A3-9474-1A3956D46DE8}") = "Ride Mader", "Ride Mader", "{8DB4128D-8E64-42D7-9918-2BDFC041CD57}"
EndProject
Project("{9A19103F-16F7-4668-BE54-9A1E7A4F7556}") = "RideMader", "Language Fundamentals\OOP With C#\Ride Mader\RideMader\RideMader.csproj", "{35BD09CD-ADC7-4D92-AACD-C31FF20661F4}"
EndProject
Project("{2150E333-8FDC-42A3-9474-1A3956D46DE8}") = "Hello .NET", "Hello .NET", "{2C1A7DFF-71ED-4767-8A9F-1782E6615FF2}"
EndProject
Project("{9A19103F-16F7-4668-BE54-9A1E7A4F7556}") = "HelloDotnet", "Overview and Installation\Installation\Hello .NET\HelloDotnet\HelloDotnet.csproj", "{C1FE23EC-FB8F-45BA-AB1D-9DC0F10FD9C0}"
EndProject
Global
	GlobalSection(SolutionConfigurationPlatforms) = preSolution
		Debug|Any CPU = Debug|Any CPU
		Release|Any CPU = Release|Any CPU
	EndGlobalSection
	GlobalSection(ProjectConfigurationPlatforms) = postSolution
		{A32C3CF6-28FE-4545-A4AF-450B535FAC92}.Debug|Any CPU.ActiveCfg = Debug|Any CPU
		{A32C3CF6-28FE-4545-A4AF-450B535FAC92}.Debug|Any CPU.Build.0 = Debug|Any CPU
		{A32C3CF6-28FE-4545-A4AF-450B535FAC92}.Release|Any CPU.ActiveCfg = Release|Any CPU
		{A32C3CF6-28FE-4545-A4AF-450B535FAC92}.Release|Any CPU.Build.0 = Release|Any CPU
		{6A1DB187-76A3-4CBE-B318-99EA7085A3F5}.Debug|Any CPU.ActiveCfg = Debug|Any CPU
		{6A1DB187-76A3-4CBE-B318-99EA7085A3F5}.Debug|Any CPU.Build.0 = Debug|Any CPU
		{6A1DB187-76A3-4CBE-B318-99EA7085A3F5}.Release|Any CPU.ActiveCfg = Release|Any CPU
		{6A1DB187-76A3-4CBE-B318-99EA7085A3F5}.Release|Any CPU.Build.0 = Release|Any CPU
		{F3A034BD-466B-4792-BE41-F0D032FC0C0F}.Debug|Any CPU.ActiveCfg = Debug|Any CPU
		{F3A034BD-466B-4792-BE41-F0D032FC0C0F}.Debug|Any CPU.Build.0 = Debug|Any CPU
		{F3A034BD-466B-4792-BE41-F0D032FC0C0F}.Release|Any CPU.ActiveCfg = Release|Any CPU
		{F3A034BD-466B-4792-BE41-F0D032FC0C0F}.Release|Any CPU.Build.0 = Release|Any CPU
		{4815EC45-0EE3-49BF-8F1F-4E330D3E59A0}.Debug|Any CPU.ActiveCfg = Debug|Any CPU
		{4815EC45-0EE3-49BF-8F1F-4E330D3E59A0}.Debug|Any CPU.Build.0 = Debug|Any CPU
		{4815EC45-0EE3-49BF-8F1F-4E330D3E59A0}.Release|Any CPU.ActiveCfg = Release|Any CPU
		{4815EC45-0EE3-49BF-8F1F-4E330D3E59A0}.Release|Any CPU.Build.0 = Release|Any CPU
		{80921782-8D02-4ABA-8BD1-531F50782524}.Debug|Any CPU.ActiveCfg = Debug|Any CPU
		{80921782-8D02-4ABA-8BD1-531F50782524}.Debug|Any CPU.Build.0 = Debug|Any CPU
		{80921782-8D02-4ABA-8BD1-531F50782524}.Release|Any CPU.ActiveCfg = Release|Any CPU
		{80921782-8D02-4ABA-8BD1-531F50782524}.Release|Any CPU.Build.0 = Release|Any CPU
		{2C649B14-20B4-4422-A769-ECA3C5F0B256}.Debug|Any CPU.ActiveCfg = Debug|Any CPU
		{2C649B14-20B4-4422-A769-ECA3C5F0B256}.Debug|Any CPU.Build.0 = Debug|Any CPU
		{2C649B14-20B4-4422-A769-ECA3C5F0B256}.Release|Any CPU.ActiveCfg = Release|Any CPU
		{2C649B14-20B4-4422-A769-ECA3C5F0B256}.Release|Any CPU.Build.0 = Release|Any CPU
		{8A92B5D6-E54A-4DDA-9054-D9DF87DEC67B}.Debug|Any CPU.ActiveCfg = Debug|Any CPU
		{8A92B5D6-E54A-4DDA-9054-D9DF87DEC67B}.Debug|Any CPU.Build.0 = Debug|Any CPU
		{8A92B5D6-E54A-4DDA-9054-D9DF87DEC67B}.Release|Any CPU.ActiveCfg = Release|Any CPU
		{8A92B5D6-E54A-4DDA-9054-D9DF87DEC67B}.Release|Any CPU.Build.0 = Release|Any CPU
		{6F7CF39E-AC9B-4915-A49A-D52CB9EA0985}.Debug|Any CPU.ActiveCfg = Debug|Any CPU
		{6F7CF39E-AC9B-4915-A49A-D52CB9EA0985}.Debug|Any CPU.Build.0 = Debug|Any CPU
		{6F7CF39E-AC9B-4915-A49A-D52CB9EA0985}.Release|Any CPU.ActiveCfg = Release|Any CPU
		{6F7CF39E-AC9B-4915-A49A-D52CB9EA0985}.Release|Any CPU.Build.0 = Release|Any CPU
		{10F4F2C5-2083-47ED-BBCC-6FEFEE68C737}.Debug|Any CPU.ActiveCfg = Debug|Any CPU
		{10F4F2C5-2083-47ED-BBCC-6FEFEE68C737}.Debug|Any CPU.Build.0 = Debug|Any CPU
		{10F4F2C5-2083-47ED-BBCC-6FEFEE68C737}.Release|Any CPU.ActiveCfg = Release|Any CPU
		{10F4F2C5-2083-47ED-BBCC-6FEFEE68C737}.Release|Any CPU.Build.0 = Release|Any CPU
		{311A6DB3-C104-4FCD-BE4C-66B85C14D278}.Debug|Any CPU.ActiveCfg = Debug|Any CPU
		{311A6DB3-C104-4FCD-BE4C-66B85C14D278}.Debug|Any CPU.Build.0 = Debug|Any CPU
		{311A6DB3-C104-4FCD-BE4C-66B85C14D278}.Release|Any CPU.ActiveCfg = Release|Any CPU
		{311A6DB3-C104-4FCD-BE4C-66B85C14D278}.Release|Any CPU.Build.0 = Release|Any CPU
		{98920992-4B83-4820-8F73-B3676CEAD984}.Debug|Any CPU.ActiveCfg = Debug|Any CPU
		{98920992-4B83-4820-8F73-B3676CEAD984}.Debug|Any CPU.Build.0 = Debug|Any CPU
		{98920992-4B83-4820-8F73-B3676CEAD984}.Release|Any CPU.ActiveCfg = Release|Any CPU
		{98920992-4B83-4820-8F73-B3676CEAD984}.Release|Any CPU.Build.0 = Release|Any CPU
		{50A499FA-46D6-4526-8514-DBB63C74C9F2}.Debug|Any CPU.ActiveCfg = Debug|Any CPU
		{50A499FA-46D6-4526-8514-DBB63C74C9F2}.Debug|Any CPU.Build.0 = Debug|Any CPU
		{50A499FA-46D6-4526-8514-DBB63C74C9F2}.Release|Any CPU.ActiveCfg = Release|Any CPU
		{50A499FA-46D6-4526-8514-DBB63C74C9F2}.Release|Any CPU.Build.0 = Release|Any CPU
		{35BD09CD-ADC7-4D92-AACD-C31FF20661F4}.Debug|Any CPU.ActiveCfg = Debug|Any CPU
		{35BD09CD-ADC7-4D92-AACD-C31FF20661F4}.Debug|Any CPU.Build.0 = Debug|Any CPU
		{35BD09CD-ADC7-4D92-AACD-C31FF20661F4}.Release|Any CPU.ActiveCfg = Release|Any CPU
		{35BD09CD-ADC7-4D92-AACD-C31FF20661F4}.Release|Any CPU.Build.0 = Release|Any CPU
		{C1FE23EC-FB8F-45BA-AB1D-9DC0F10FD9C0}.Debug|Any CPU.ActiveCfg = Debug|Any CPU
		{C1FE23EC-FB8F-45BA-AB1D-9DC0F10FD9C0}.Debug|Any CPU.Build.0 = Debug|Any CPU
		{C1FE23EC-FB8F-45BA-AB1D-9DC0F10FD9C0}.Release|Any CPU.ActiveCfg = Release|Any CPU
		{C1FE23EC-FB8F-45BA-AB1D-9DC0F10FD9C0}.Release|Any CPU.Build.0 = Release|Any CPU
	EndGlobalSection
	GlobalSection(SolutionProperties) = preSolution
		HideSolutionNode = FALSE
	EndGlobalSection
	GlobalSection(NestedProjects) = preSolution
		{A32C3CF6-28FE-4545-A4AF-450B535FAC92} = {38DF4B14-20FA-4FB1-A4BD-363AE090291C}
		{86612623-2A52-475A-A729-2480D2C63691} = {92FCA3C1-ECD5-41F9-8214-81090FCE6EDB}
		{6A1DB187-76A3-4CBE-B318-99EA7085A3F5} = {86612623-2A52-475A-A729-2480D2C63691}
		{1E77FEBC-1ABA-4B52-8434-69C486E30015} = {A9710B57-D8D0-4C98-87DD-79446F4AD5DF}
		{32227E11-5E8F-455B-B26B-E1F6B3E14CAF} = {1E77FEBC-1ABA-4B52-8434-69C486E30015}
		{F3A034BD-466B-4792-BE41-F0D032FC0C0F} = {32227E11-5E8F-455B-B26B-E1F6B3E14CAF}
		{1E50DF2C-09F6-464B-9557-E13251F29355} = {1E77FEBC-1ABA-4B52-8434-69C486E30015}
		{4815EC45-0EE3-49BF-8F1F-4E330D3E59A0} = {1E50DF2C-09F6-464B-9557-E13251F29355}
		{3583A8A9-50AA-4D47-9DF5-9309425269E9} = {1E77FEBC-1ABA-4B52-8434-69C486E30015}
		{80921782-8D02-4ABA-8BD1-531F50782524} = {3583A8A9-50AA-4D47-9DF5-9309425269E9}
		{60499C2E-24BB-41E6-93A7-F2BA45C79A4B} = {1E77FEBC-1ABA-4B52-8434-69C486E30015}
		{2C649B14-20B4-4422-A769-ECA3C5F0B256} = {60499C2E-24BB-41E6-93A7-F2BA45C79A4B}
		{4461ED1C-A5D1-4772-A348-38FA03BAD433} = {1E77FEBC-1ABA-4B52-8434-69C486E30015}
		{8A92B5D6-E54A-4DDA-9054-D9DF87DEC67B} = {4461ED1C-A5D1-4772-A348-38FA03BAD433}
		{5DD57A4E-FE2A-4B5A-B7C6-B8A9BB31BA1F} = {A9710B57-D8D0-4C98-87DD-79446F4AD5DF}
		{AF5B53DB-5A3A-4D41-B408-09FD73E70D66} = {5DD57A4E-FE2A-4B5A-B7C6-B8A9BB31BA1F}
		{6F7CF39E-AC9B-4915-A49A-D52CB9EA0985} = {AF5B53DB-5A3A-4D41-B408-09FD73E70D66}
		{FECCF9D1-F11D-4BF7-A038-6085C487608D} = {5DD57A4E-FE2A-4B5A-B7C6-B8A9BB31BA1F}
		{10F4F2C5-2083-47ED-BBCC-6FEFEE68C737} = {FECCF9D1-F11D-4BF7-A038-6085C487608D}
		{4FB73809-5543-4781-986D-1A6EE8F1A4CB} = {5DD57A4E-FE2A-4B5A-B7C6-B8A9BB31BA1F}
		{311A6DB3-C104-4FCD-BE4C-66B85C14D278} = {4FB73809-5543-4781-986D-1A6EE8F1A4CB}
		{FC48AEFF-80A8-4F98-BC03-CA5B008ABCD6} = {5DD57A4E-FE2A-4B5A-B7C6-B8A9BB31BA1F}
		{98920992-4B83-4820-8F73-B3676CEAD984} = {FC48AEFF-80A8-4F98-BC03-CA5B008ABCD6}
		{B28F4D16-3AB2-4735-90B3-829F2111FF14} = {5DD57A4E-FE2A-4B5A-B7C6-B8A9BB31BA1F}
		{50A499FA-46D6-4526-8514-DBB63C74C9F2} = {B28F4D16-3AB2-4735-90B3-829F2111FF14}
		{8DB4128D-8E64-42D7-9918-2BDFC041CD57} = {5DD57A4E-FE2A-4B5A-B7C6-B8A9BB31BA1F}
		{35BD09CD-ADC7-4D92-AACD-C31FF20661F4} = {8DB4128D-8E64-42D7-9918-2BDFC041CD57}
		{2C1A7DFF-71ED-4767-8A9F-1782E6615FF2} = {86612623-2A52-475A-A729-2480D2C63691}
		{C1FE23EC-FB8F-45BA-AB1D-9DC0F10FD9C0} = {2C1A7DFF-71ED-4767-8A9F-1782E6615FF2}
	EndGlobalSection
	GlobalSection(ExtensibilityGlobals) = postSolution
		SolutionGuid = {28971BF1-0E57-4A16-9E0A-086AC9C92302}
	EndGlobalSection
EndGlobal
